
Microsoft Visual Studio Solution File, Format Version 12.00
# Visual Studio Version 17
VisualStudioVersion = 17.2.32526.322
MinimumVisualStudioVersion = 10.0.40219.1
Project("{FAE04EC0-301F-11D3-BF4B-00C04F79EFBC}") = "ProjectEulerSolutions", "ProjectEulerSolutions.csproj", "{FD6E6566-39A9-4591-AB91-E01F3D52CE70}"
EndProject
Global
	GlobalSection(SolutionConfigurationPlatforms) = preSolution
		Debug|Any CPU = Debug|Any CPU
		Release|Any CPU = Release|Any CPU
	EndGlobalSection
	GlobalSection(ProjectConfigurationPlatforms) = postSolution
		{FD6E6566-39A9-4591-AB91-E01F3D52CE70}.Debug|Any CPU.ActiveCfg = Debug|Any CPU
		{FD6E6566-39A9-4591-AB91-E01F3D52CE70}.Debug|Any CPU.Build.0 = Debug|Any CPU
		{FD6E6566-39A9-4591-AB91-E01F3D52CE70}.Release|Any CPU.ActiveCfg = Release|Any CPU
		{FD6E6566-39A9-4591-AB91-E01F3D52CE70}.Release|Any CPU.Build.0 = Release|Any CPU
	EndGlobalSection
	GlobalSection(SolutionProperties) = preSolution
		HideSolutionNode = FALSE
	EndGlobalSection
	GlobalSection(ExtensibilityGlobals) = postSolution
		SolutionGuid = {6590FC5C-E69E-47F0-9EA3-D616BDE3865A}
	EndGlobalSection
EndGlobal
